
Microsoft Visual Studio Solution File, Format Version 12.00
# Visual Studio Version 17
VisualStudioVersion = 17.7.34031.279
MinimumVisualStudioVersion = 10.0.40219.1
Project("{FAE04EC0-301F-11D3-BF4B-00C04F79EFBC}") = "Hill_Climbing_method_depth", "Hill_Climbing_method_depth\Hill_Climbing_method_depth.csproj", "{4BBA7E3D-A982-40EC-B1BB-8CE0F79CECFD}"
EndProject
Global
	GlobalSection(SolutionConfigurationPlatforms) = preSolution
		Debug|Any CPU = Debug|Any CPU
		Release|Any CPU = Release|Any CPU
	EndGlobalSection
	GlobalSection(ProjectConfigurationPlatforms) = postSolution
		{4BBA7E3D-A982-40EC-B1BB-8CE0F79CECFD}.Debug|Any CPU.ActiveCfg = Debug|Any CPU
		{4BBA7E3D-A982-40EC-B1BB-8CE0F79CECFD}.Debug|Any CPU.Build.0 = Debug|Any CPU
		{4BBA7E3D-A982-40EC-B1BB-8CE0F79CECFD}.Release|Any CPU.ActiveCfg = Release|Any CPU
		{4BBA7E3D-A982-40EC-B1BB-8CE0F79CECFD}.Release|Any CPU.Build.0 = Release|Any CPU
	EndGlobalSection
	GlobalSection(SolutionProperties) = preSolution
		HideSolutionNode = FALSE
	EndGlobalSection
	GlobalSection(ExtensibilityGlobals) = postSolution
		SolutionGuid = {4268CBE7-245C-407E-A8DA-F8C5D62EDA69}
	EndGlobalSection
EndGlobal
